
Microsoft Visual Studio Solution File, Format Version 12.00
# Visual Studio Version 17
VisualStudioVersion = 17.2.32505.173
MinimumVisualStudioVersion = 10.0.40219.1
Project("{FAE04EC0-301F-11D3-BF4B-00C04F79EFBC}") = "BackEndCaprichoApp", "BackEndCaprichoApp\BackEndCaprichoApp.csproj", "{259A1504-5954-4FBE-9219-5BF43BD043CF}"
EndProject
Global
	GlobalSection(SolutionConfigurationPlatforms) = preSolution
		Debug|Any CPU = Debug|Any CPU
		Release|Any CPU = Release|Any CPU
	EndGlobalSection
	GlobalSection(ProjectConfigurationPlatforms) = postSolution
		{259A1504-5954-4FBE-9219-5BF43BD043CF}.Debug|Any CPU.ActiveCfg = Debug|Any CPU
		{259A1504-5954-4FBE-9219-5BF43BD043CF}.Debug|Any CPU.Build.0 = Debug|Any CPU
		{259A1504-5954-4FBE-9219-5BF43BD043CF}.Release|Any CPU.ActiveCfg = Release|Any CPU
		{259A1504-5954-4FBE-9219-5BF43BD043CF}.Release|Any CPU.Build.0 = Release|Any CPU
	EndGlobalSection
	GlobalSection(SolutionProperties) = preSolution
		HideSolutionNode = FALSE
	EndGlobalSection
	GlobalSection(ExtensibilityGlobals) = postSolution
		SolutionGuid = {9833A99E-C8C5-4D82-A7CE-2F971EE337E8}
	EndGlobalSection
EndGlobal
